// !$*UTF8*$!
{
	archiveVersion = 1;
	classes = {
	};
	objectVersion = 46;
	objects = {

/* Begin PBXBuildFile section */
		4D8FCC991E86E3EE00D51B0F /* AppDelegate.swift in Sources */ = {isa = PBXBuildFile; fileRef = 4D8FCC981E86E3EE00D51B0F /* AppDelegate.swift */; };
		4D8FCC9B1E86E3EE00D51B0F /* ViewController.swift in Sources */ = {isa = PBXBuildFile; fileRef = 4D8FCC9A1E86E3EE00D51B0F /* ViewController.swift */; };
		4D8FCC9E1E86E3EE00D51B0F /* Main.storyboard in Resources */ = {isa = PBXBuildFile; fileRef = 4D8FCC9C1E86E3EE00D51B0F /* Main.storyboard */; };
		4D8FCCA01E86E3EE00D51B0F /* Assets.xcassets in Resources */ = {isa = PBXBuildFile; fileRef = 4D8FCC9F1E86E3EE00D51B0F /* Assets.xcassets */; };
		4D8FCCA31E86E3EE00D51B0F /* LaunchScreen.storyboard in Resources */ = {isa = PBXBuildFile; fileRef = 4D8FCCA11E86E3EE00D51B0F /* LaunchScreen.storyboard */; };
		4D8FCCAE1E86E3EE00D51B0F /* RacIntro2Tests.swift in Sources */ = {isa = PBXBuildFile; fileRef = 4D8FCCAD1E86E3EE00D51B0F /* RacIntro2Tests.swift */; };
/* End PBXBuildFile section */

/* Begin PBXContainerItemProxy section */
		4D8FCCAA1E86E3EE00D51B0F /* PBXContainerItemProxy */ = {
			isa = PBXContainerItemProxy;
			containerPortal = 4D8FCC8D1E86E3EE00D51B0F /* Project object */;
			proxyType = 1;
			remoteGlobalIDString = 4D8FCC941E86E3EE00D51B0F;
			remoteInfo = RacIntro2;
		};
/* End PBXContainerItemProxy section */

/* Begin PBXFileReference section */
		4D8FCC951E86E3EE00D51B0F /* RacIntro2.app */ = {isa = PBXFileReference; explicitFileType = wrapper.application; includeInIndex = 0; path = RacIntro2.app; sourceTree = BUILT_PRODUCTS_DIR; };
		4D8FCC981E86E3EE00D51B0F /* AppDelegate.swift */ = {isa = PBXFileReference; lastKnownFileType = sourcecode.swift; path = AppDelegate.swift; sourceTree = "<group>"; };
		4D8FCC9A1E86E3EE00D51B0F /* ViewController.swift */ = {isa = PBXFileReference; lastKnownFileType = sourcecode.swift; path = ViewController.swift; sourceTree = "<group>"; };
		4D8FCC9D1E86E3EE00D51B0F /* Base */ = {isa = PBXFileReference; lastKnownFileType = file.storyboard; name = Base; path = Base.lproj/Main.storyboard; sourceTree = "<group>"; };
		4D8FCC9F1E86E3EE00D51B0F /* Assets.xcassets */ = {isa = PBXFileReference; lastKnownFileType = folder.assetcatalog; path = Assets.xcassets; sourceTree = "<group>"; };
		4D8FCCA21E86E3EE00D51B0F /* Base */ = {isa = PBXFileReference; lastKnownFileType = file.storyboard; name = Base; path = Base.lproj/LaunchScreen.storyboard; sourceTree = "<group>"; };
		4D8FCCA41E86E3EE00D51B0F /* Info.plist */ = {isa = PBXFileReference; lastKnownFileType = text.plist.xml; path = Info.plist; sourceTree = "<group>"; };
		4D8FCCA91E86E3EE00D51B0F /* RacIntro2Tests.xctest */ = {isa = PBXFileReference; explicitFileType = wrapper.cfbundle; includeInIndex = 0; path = RacIntro2Tests.xctest; sourceTree = BUILT_PRODUCTS_DIR; };
		4D8FCCAD1E86E3EE00D51B0F /* RacIntro2Tests.swift */ = {isa = PBXFileReference; lastKnownFileType = sourcecode.swift; path = RacIntro2Tests.swift; sourceTree = "<group>"; };
		4D8FCCAF1E86E3EE00D51B0F /* Info.plist */ = {isa = PBXFileReference; lastKnownFileType = text.plist.xml; path = Info.plist; sourceTree = "<group>"; };
/* End PBXFileReference section */

/* Begin PBXFrameworksBuildPhase section */
		4D8FCC921E86E3EE00D51B0F /* Frameworks */ = {
			isa = PBXFrameworksBuildPhase;
			buildActionMask = 2147483647;
			files = (
			);
			runOnlyForDeploymentPostprocessing = 0;
		};
		4D8FCCA61E86E3EE00D51B0F /* Frameworks */ = {
			isa = PBXFrameworksBuildPhase;
			buildActionMask = 2147483647;
			files = (
			);
			runOnlyForDeploymentPostprocessing = 0;
		};
/* End PBXFrameworksBuildPhase section */

/* Begin PBXGroup section */
		4D8FCC8C1E86E3EE00D51B0F = {
			isa = PBXGroup;
			children = (
				4D8FCC971E86E3EE00D51B0F /* RacIntro2 */,
				4D8FCCAC1E86E3EE00D51B0F /* RacIntro2Tests */,
				4D8FCC961E86E3EE00D51B0F /* Products */,
			);
			sourceTree = "<group>";
		};
		4D8FCC961E86E3EE00D51B0F /* Products */ = {
			isa = PBXGroup;
			children = (
				4D8FCC951E86E3EE00D51B0F /* RacIntro2.app */,
				4D8FCCA91E86E3EE00D51B0F /* RacIntro2Tests.xctest */,
			);
			name = Products;
			sourceTree = "<group>";
		};
		4D8FCC971E86E3EE00D51B0F /* RacIntro2 */ = {
			isa = PBXGroup;
			children = (
				4D8FCC981E86E3EE00D51B0F /* AppDelegate.swift */,
				4D8FCC9A1E86E3EE00D51B0F /* ViewController.swift */,
				4D8FCC9C1E86E3EE00D51B0F /* Main.storyboard */,
				4D8FCC9F1E86E3EE00D51B0F /* Assets.xcassets */,
				4D8FCCA11E86E3EE00D51B0F /* LaunchScreen.storyboard */,
				4D8FCCA41E86E3EE00D51B0F /* Info.plist */,
			);
			path = RacIntro2;
			sourceTree = "<group>";
		};
		4D8FCCAC1E86E3EE00D51B0F /* RacIntro2Tests */ = {
			isa = PBXGroup;
			children = (
				4D8FCCAD1E86E3EE00D51B0F /* RacIntro2Tests.swift */,
				4D8FCCAF1E86E3EE00D51B0F /* Info.plist */,
			);
			path = RacIntro2Tests;
			sourceTree = "<group>";
		};
/* End PBXGroup section */

/* Begin PBXNativeTarget section */
		4D8FCC941E86E3EE00D51B0F /* RacIntro2 */ = {
			isa = PBXNativeTarget;
			buildConfigurationList = 4D8FCCB21E86E3EE00D51B0F /* Build configuration list for PBXNativeTarget "RacIntro2" */;
			buildPhases = (
				4D8FCC911E86E3EE00D51B0F /* Sources */,
				4D8FCC921E86E3EE00D51B0F /* Frameworks */,
				4D8FCC931E86E3EE00D51B0F /* Resources */,
			);
			buildRules = (
			);
			dependencies = (
			);
			name = RacIntro2;
			productName = RacIntro2;
			productReference = 4D8FCC951E86E3EE00D51B0F /* RacIntro2.app */;
			productType = "com.apple.product-type.application";
		};
		4D8FCCA81E86E3EE00D51B0F /* RacIntro2Tests */ = {
			isa = PBXNativeTarget;
			buildConfigurationList = 4D8FCCB51E86E3EE00D51B0F /* Build configuration list for PBXNativeTarget "RacIntro2Tests" */;
			buildPhases = (
				4D8FCCA51E86E3EE00D51B0F /* Sources */,
				4D8FCCA61E86E3EE00D51B0F /* Frameworks */,
				4D8FCCA71E86E3EE00D51B0F /* Resources */,
			);
			buildRules = (
			);
			dependencies = (
				4D8FCCAB1E86E3EE00D51B0F /* PBXTargetDependency */,
			);
			name = RacIntro2Tests;
			productName = RacIntro2Tests;
			productReference = 4D8FCCA91E86E3EE00D51B0F /* RacIntro2Tests.xctest */;
			productType = "com.apple.product-type.bundle.unit-test";
		};
/* End PBXNativeTarget section */

/* Begin PBXProject section */
		4D8FCC8D1E86E3EE00D51B0F /* Project object */ = {
			isa = PBXProject;
			attributes = {
				LastSwiftUpdateCheck = 0820;
				LastUpgradeCheck = 0820;
				ORGANIZATIONNAME = "Techbrewers Ltd";
				TargetAttributes = {
					4D8FCC941E86E3EE00D51B0F = {
						CreatedOnToolsVersion = 8.2.1;
						DevelopmentTeam = 79X6ADKY9P;
						ProvisioningStyle = Automatic;
					};
					4D8FCCA81E86E3EE00D51B0F = {
						CreatedOnToolsVersion = 8.2.1;
						DevelopmentTeam = 79X6ADKY9P;
						ProvisioningStyle = Automatic;
						TestTargetID = 4D8FCC941E86E3EE00D51B0F;
					};
				};
			};
			buildConfigurationList = 4D8FCC901E86E3EE00D51B0F /* Build configuration list for PBXProject "RacIntro2" */;
			compatibilityVersion = "Xcode 3.2";
			developmentRegion = English;
			hasScannedForEncodings = 0;
			knownRegions = (
				en,
				Base,
			);
			mainGroup = 4D8FCC8C1E86E3EE00D51B0F;
			productRefGroup = 4D8FCC961E86E3EE00D51B0F /* Products */;
			projectDirPath = "";
			projectRoot = "";
			targets = (
				4D8FCC941E86E3EE00D51B0F /* RacIntro2 */,
				4D8FCCA81E86E3EE00D51B0F /* RacIntro2Tests */,
			);
		};
/* End PBXProject section */

/* Begin PBXResourcesBuildPhase section */
		4D8FCC931E86E3EE00D51B0F /* Resources */ = {
			isa = PBXResourcesBuildPhase;
			buildActionMask = 2147483647;
			files = (
				4D8FCCA31E86E3EE00D51B0F /* LaunchScreen.storyboard in Resources */,
				4D8FCCA01E86E3EE00D51B0F /* Assets.xcassets in Resources */,
				4D8FCC9E1E86E3EE00D51B0F /* Main.storyboard in Resources */,
			);
			runOnlyForDeploymentPostprocessing = 0;
		};
		4D8FCCA71E86E3EE00D51B0F /* Resources */ = {
			isa = PBXResourcesBuildPhase;
			buildActionMask = 2147483647;
			files = (
			);
			runOnlyForDeploymentPostprocessing = 0;
		};
/* End PBXResourcesBuildPhase section */

/* Begin PBXSourcesBuildPhase section */
		4D8FCC911E86E3EE00D51B0F /* Sources */ = {
			isa = PBXSourcesBuildPhase;
			buildActionMask = 2147483647;
			files = (
				4D8FCC9B1E86E3EE00D51B0F /* ViewController.swift in Sources */,
				4D8FCC991E86E3EE00D51B0F /* AppDelegate.swift in Sources */,
			);
			runOnlyForDeploymentPostprocessing = 0;
		};
		4D8FCCA51E86E3EE00D51B0F /* Sources */ = {
			isa = PBXSourcesBuildPhase;
			buildActionMask = 2147483647;
			files = (
				4D8FCCAE1E86E3EE00D51B0F /* RacIntro2Tests.swift in Sources */,
			);
			runOnlyForDeploymentPostprocessing = 0;
		};
/* End PBXSourcesBuildPhase section */

/* Begin PBXTargetDependency section */
		4D8FCCAB1E86E3EE00D51B0F /* PBXTargetDependency */ = {
			isa = PBXTargetDependency;
			target = 4D8FCC941E86E3EE00D51B0F /* RacIntro2 */;
			targetProxy = 4D8FCCAA1E86E3EE00D51B0F /* PBXContainerItemProxy */;
		};
/* End PBXTargetDependency section */

/* Begin PBXVariantGroup section */
		4D8FCC9C1E86E3EE00D51B0F /* Main.storyboard */ = {
			isa = PBXVariantGroup;
			children = (
				4D8FCC9D1E86E3EE00D51B0F /* Base */,
			);
			name = Main.storyboard;
			sourceTree = "<group>";
		};
		4D8FCCA11E86E3EE00D51B0F /* LaunchScreen.storyboard */ = {
			isa = PBXVariantGroup;
			children = (
				4D8FCCA21E86E3EE00D51B0F /* Base */,
			);
			name = LaunchScreen.storyboard;
			sourceTree = "<group>";
		};
/* End PBXVariantGroup section */

/* Begin XCBuildConfiguration section */
		4D8FCCB01E86E3EE00D51B0F /* Debug */ = {
			isa = XCBuildConfiguration;
			buildSettings = {
				ALWAYS_SEARCH_USER_PATHS = NO;
				CLANG_ANALYZER_NONNULL = YES;
				CLANG_CXX_LANGUAGE_STANDARD = "gnu++0x";
				CLANG_CXX_LIBRARY = "libc++";
				CLANG_ENABLE_MODULES = YES;
				CLANG_ENABLE_OBJC_ARC = YES;
				CLANG_WARN_BOOL_CONVERSION = YES;
				CLANG_WARN_CONSTANT_CONVERSION = YES;
				CLANG_WARN_DIRECT_OBJC_ISA_USAGE = YES_ERROR;
				CLANG_WARN_DOCUMENTATION_COMMENTS = YES;
				CLANG_WARN_EMPTY_BODY = YES;
				CLANG_WARN_ENUM_CONVERSION = YES;
				CLANG_WARN_INFINITE_RECURSION = YES;
				CLANG_WARN_INT_CONVERSION = YES;
				CLANG_WARN_OBJC_ROOT_CLASS = YES_ERROR;
				CLANG_WARN_SUSPICIOUS_MOVE = YES;
				CLANG_WARN_UNREACHABLE_CODE = YES;
				CLANG_WARN__DUPLICATE_METHOD_MATCH = YES;
				"CODE_SIGN_IDENTITY[sdk=iphoneos*]" = "iPhone Developer";
				COPY_PHASE_STRIP = NO;
				DEBUG_INFORMATION_FORMAT = dwarf;
				ENABLE_STRICT_OBJC_MSGSEND = YES;
				ENABLE_TESTABILITY = YES;
				GCC_C_LANGUAGE_STANDARD = gnu99;
				GCC_DYNAMIC_NO_PIC = NO;
				GCC_NO_COMMON_BLOCKS = YES;
				GCC_OPTIMIZATION_LEVEL = 0;
				GCC_PREPROCESSOR_DEFINITIONS = (
					"DEBUG=1",
					"$(inherited)",
				);
				GCC_WARN_64_TO_32_BIT_CONVERSION = YES;
				GCC_WARN_ABOUT_RETURN_TYPE = YES_ERROR;
				GCC_WARN_UNDECLARED_SELECTOR = YES;
				GCC_WARN_UNINITIALIZED_AUTOS = YES_AGGRESSIVE;
				GCC_WARN_UNUSED_FUNCTION = YES;
				GCC_WARN_UNUSED_VARIABLE = YES;
				IPHONEOS_DEPLOYMENT_TARGET = 10.2;
				MTL_ENABLE_DEBUG_INFO = YES;
				ONLY_ACTIVE_ARCH = YES;
				SDKROOT = iphoneos;
				SWIFT_ACTIVE_COMPILATION_CONDITIONS = DEBUG;
				SWIFT_OPTIMIZATION_LEVEL = "-Onone";
			};
			name = Debug;
		};
		4D8FCCB11E86E3EE00D51B0F /* Release */ = {
			isa = XCBuildConfiguration;
			buildSettings = {
				ALWAYS_SEARCH_USER_PATHS = NO;
				CLANG_ANALYZER_NONNULL = YES;
				CLANG_CXX_LANGUAGE_STANDARD = "gnu++0x";
				CLANG_CXX_LIBRARY = "libc++";
				CLANG_ENABLE_MODULES = YES;
				CLANG_ENABLE_OBJC_ARC = YES;
				CLANG_WARN_BOOL_CONVERSION = YES;
				CLANG_WARN_CONSTANT_CONVERSION = YES;
				CLANG_WARN_DIRECT_OBJC_ISA_USAGE = YES_ERROR;
				CLANG_WARN_DOCUMENTATION_COMMENTS = YES;
				CLANG_WARN_EMPTY_BODY = YES;
				CLANG_WARN_ENUM_CONVERSION = YES;
				CLANG_WARN_INFINITE_RECURSION = YES;
				CLANG_WARN_INT_CONVERSION = YES;
				CLANG_WARN_OBJC_ROOT_CLASS = YES_ERROR;
				CLANG_WARN_SUSPICIOUS_MOVE = YES;
				CLANG_WARN_UNREACHABLE_CODE = YES;
				CLANG_WARN__DUPLICATE_METHOD_MATCH = YES;
				"CODE_SIGN_IDENTITY[sdk=iphoneos*]" = "iPhone Developer";
				COPY_PHASE_STRIP = NO;
				DEBUG_INFORMATION_FORMAT = "dwarf-with-dsym";
				ENABLE_NS_ASSERTIONS = NO;
				ENABLE_STRICT_OBJC_MSGSEND = YES;
				GCC_C_LANGUAGE_STANDARD = gnu99;
				GCC_NO_COMMON_BLOCKS = YES;
				GCC_WARN_64_TO_32_BIT_CONVERSION = YES;
				GCC_WARN_ABOUT_RETURN_TYPE = YES_ERROR;
				GCC_WARN_UNDECLARED_SELECTOR = YES;
				GCC_WARN_UNINITIALIZED_AUTOS = YES_AGGRESSIVE;
				GCC_WARN_UNUSED_FUNCTION = YES;
				GCC_WARN_UNUSED_VARIABLE = YES;
				IPHONEOS_DEPLOYMENT_TARGET = 10.2;
				MTL_ENABLE_DEBUG_INFO = NO;
				SDKROOT = iphoneos;
				SWIFT_OPTIMIZATION_LEVEL = "-Owholemodule";
				VALIDATE_PRODUCT = YES;
			};
			name = Release;
		};
		4D8FCCB31E86E3EE00D51B0F /* Debug */ = {
			isa = XCBuildConfiguration;
			buildSettings = {
				ASSETCATALOG_COMPILER_APPICON_NAME = AppIcon;
				DEVELOPMENT_TEAM = 79X6ADKY9P;
				INFOPLIST_FILE = RacIntro2/Info.plist;
				LD_RUNPATH_SEARCH_PATHS = "$(inherited) @executable_path/Frameworks";
				PRODUCT_BUNDLE_IDENTIFIER = com.techbrewers.RacIntro2;
				PRODUCT_NAME = "$(TARGET_NAME)";
				SWIFT_VERSION = 3.0;
			};
			name = Debug;
		};
		4D8FCCB41E86E3EE00D51B0F /* Release */ = {
			isa = XCBuildConfiguration;
			buildSettings = {
				ASSETCATALOG_COMPILER_APPICON_NAME = AppIcon;
				DEVELOPMENT_TEAM = 79X6ADKY9P;
				INFOPLIST_FILE = RacIntro2/Info.plist;
				LD_RUNPATH_SEARCH_PATHS = "$(inherited) @executable_path/Frameworks";
				PRODUCT_BUNDLE_IDENTIFIER = com.techbrewers.RacIntro2;
				PRODUCT_NAME = "$(TARGET_NAME)";
				SWIFT_VERSION = 3.0;
			};
			name = Release;
		};
		4D8FCCB61E86E3EE00D51B0F /* Debug */ = {
			isa = XCBuildConfiguration;
			buildSettings = {
				ALWAYS_EMBED_SWIFT_STANDARD_LIBRARIES = YES;
				BUNDLE_LOADER = "$(TEST_HOST)";
				DEVELOPMENT_TEAM = 79X6ADKY9P;
				INFOPLIST_FILE = RacIntro2Tests/Info.plist;
				LD_RUNPATH_SEARCH_PATHS = "$(inherited) @executable_path/Frameworks @loader_path/Frameworks";
				PRODUCT_BUNDLE_IDENTIFIER = com.techbrewers.RacIntro2Tests;
				PRODUCT_NAME = "$(TARGET_NAME)";
				SWIFT_VERSION = 3.0;
				TEST_HOST = "$(BUILT_PRODUCTS_DIR)/RacIntro2.app/RacIntro2";
			};
			name = Debug;
		};
		4D8FCCB71E86E3EE00D51B0F /* Release */ = {
			isa = XCBuildConfiguration;
			buildSettings = {
				ALWAYS_EMBED_SWIFT_STANDARD_LIBRARIES = YES;
				BUNDLE_LOADER = "$(TEST_HOST)";
				DEVELOPMENT_TEAM = 79X6ADKY9P;
				INFOPLIST_FILE = RacIntro2Tests/Info.plist;
				LD_RUNPATH_SEARCH_PATHS = "$(inherited) @executable_path/Frameworks @loader_path/Frameworks";
				PRODUCT_BUNDLE_IDENTIFIER = com.techbrewers.RacIntro2Tests;
				PRODUCT_NAME = "$(TARGET_NAME)";
				SWIFT_VERSION = 3.0;
				TEST_HOST = "$(BUILT_PRODUCTS_DIR)/RacIntro2.app/RacIntro2";
			};
			name = Release;
		};
/* End XCBuildConfiguration section */

/* Begin XCConfigurationList section */
		4D8FCC901E86E3EE00D51B0F /* Build configuration list for PBXProject "RacIntro2" */ = {
			isa = XCConfigurationList;
			buildConfigurations = (
				4D8FCCB01E86E3EE00D51B0F /* Debug */,
				4D8FCCB11E86E3EE00D51B0F /* Release */,
			);
			defaultConfigurationIsVisible = 0;
			defaultConfigurationName = Release;
		};
		4D8FCCB21E86E3EE00D51B0F /* Build configuration list for PBXNativeTarget "RacIntro2" */ = {
			isa = XCConfigurationList;
			buildConfigurations = (
				4D8FCCB31E86E3EE00D51B0F /* Debug */,
				4D8FCCB41E86E3EE00D51B0F /* Release */,
			);
			defaultConfigurationIsVisible = 0;
		};
		4D8FCCB51E86E3EE00D51B0F /* Build configuration list for PBXNativeTarget "RacIntro2Tests" */ = {
			isa = XCConfigurationList;
			buildConfigurations = (
				4D8FCCB61E86E3EE00D51B0F /* Debug */,
				4D8FCCB71E86E3EE00D51B0F /* Release */,
			);
			defaultConfigurationIsVisible = 0;
		};
/* End XCConfigurationList section */
	};
	rootObject = 4D8FCC8D1E86E3EE00D51B0F /* Project object */;
}
